
Microsoft Visual Studio Solution File, Format Version 12.00
Project("{FAE04EC0-301F-11D3-BF4B-00C04F79EFBC}") = "Producer", "Producer\Producer.csproj", "{C01D9BA9-D1B1-44A4-BC1B-7399B8B0D67D}"
EndProject
Global
	GlobalSection(SolutionConfigurationPlatforms) = preSolution
		Debug|Any CPU = Debug|Any CPU
		Release|Any CPU = Release|Any CPU
	EndGlobalSection
	GlobalSection(ProjectConfigurationPlatforms) = postSolution
		{C01D9BA9-D1B1-44A4-BC1B-7399B8B0D67D}.Debug|Any CPU.ActiveCfg = Debug|Any CPU
		{C01D9BA9-D1B1-44A4-BC1B-7399B8B0D67D}.Debug|Any CPU.Build.0 = Debug|Any CPU
		{C01D9BA9-D1B1-44A4-BC1B-7399B8B0D67D}.Release|Any CPU.ActiveCfg = Release|Any CPU
		{C01D9BA9-D1B1-44A4-BC1B-7399B8B0D67D}.Release|Any CPU.Build.0 = Release|Any CPU
	EndGlobalSection
EndGlobal
